
Microsoft Visual Studio Solution File, Format Version 12.00
# Visual Studio Version 17
VisualStudioVersion = 17.4.33122.133
MinimumVisualStudioVersion = 10.0.40219.1
Project("{FAE04EC0-301F-11D3-BF4B-00C04F79EFBC}") = "WebSpotifyClient", "WebSpotifyClient.csproj", "{282752A2-36C6-4DC4-A992-D3204289376F}"
EndProject
Global
	GlobalSection(SolutionConfigurationPlatforms) = preSolution
		Debug|Any CPU = Debug|Any CPU
		Release|Any CPU = Release|Any CPU
	EndGlobalSection
	GlobalSection(ProjectConfigurationPlatforms) = postSolution
		{282752A2-36C6-4DC4-A992-D3204289376F}.Debug|Any CPU.ActiveCfg = Debug|Any CPU
		{282752A2-36C6-4DC4-A992-D3204289376F}.Debug|Any CPU.Build.0 = Debug|Any CPU
		{282752A2-36C6-4DC4-A992-D3204289376F}.Release|Any CPU.ActiveCfg = Release|Any CPU
		{282752A2-36C6-4DC4-A992-D3204289376F}.Release|Any CPU.Build.0 = Release|Any CPU
	EndGlobalSection
	GlobalSection(SolutionProperties) = preSolution
		HideSolutionNode = FALSE
	EndGlobalSection
	GlobalSection(ExtensibilityGlobals) = postSolution
		SolutionGuid = {9C0C6CD1-8B54-4CC6-8174-83986A581605}
	EndGlobalSection
EndGlobal
